
Microsoft Visual Studio Solution File, Format Version 12.00
# Visual Studio 15
VisualStudioVersion = 15.0.27130.2027
MinimumVisualStudioVersion = 10.0.40219.1
Project("{FAE04EC0-301F-11D3-BF4B-00C04F79EFBC}") = "EPS.Model", "EPS.Model\EPS.Model.csproj", "{7E09A44E-8531-48DD-BA50-7CEB857587A4}"
EndProject
Project("{FAE04EC0-301F-11D3-BF4B-00C04F79EFBC}") = "EPS.EFDAL", "EPS.EFDAL\EPS.EFDAL.csproj", "{A8E890A7-B8FD-42BD-AB3D-117FA509C46A}"
EndProject
Project("{FAE04EC0-301F-11D3-BF4B-00C04F79EFBC}") = "EPS.BLL", "EPS.BLL\EPS.BLL.csproj", "{193E3480-1460-4791-8ED3-DC8C25A20236}"
EndProject
Project("{FAE04EC0-301F-11D3-BF4B-00C04F79EFBC}") = "EPS.Common", "EPS.Common\EPS.Common.csproj", "{17E18178-3DCB-4655-A1E4-9BB2253B61B5}"
EndProject
Project("{FAE04EC0-301F-11D3-BF4B-00C04F79EFBC}") = "EPS.UI.Portal", "EPS.UI.Portal\EPS.UI.Portal.csproj", "{8914D1C4-2B1F-4115-90FD-168933D3261E}"
EndProject
Project("{FAE04EC0-301F-11D3-BF4B-00C04F79EFBC}") = "EPS.IDAL", "EPS.IDAL\EPS.IDAL.csproj", "{C4A40F75-72BC-4B54-8134-10C9E3D18C04}"
EndProject
Project("{FAE04EC0-301F-11D3-BF4B-00C04F79EFBC}") = "EPS.DALFactory", "EPS.DALFactory\EPS.DALFactory.csproj", "{97E36671-CF3F-45B1-BBD1-46DDE9B45EAF}"
EndProject
Project("{FAE04EC0-301F-11D3-BF4B-00C04F79EFBC}") = "EPS.IBLL", "EPS.IBll\EPS.IBLL.csproj", "{1C61E665-3774-4F7F-AE4B-4480797AF9DF}"
EndProject
Global
	GlobalSection(SolutionConfigurationPlatforms) = preSolution
		Debug|Any CPU = Debug|Any CPU
		Release|Any CPU = Release|Any CPU
	EndGlobalSection
	GlobalSection(ProjectConfigurationPlatforms) = postSolution
		{7E09A44E-8531-48DD-BA50-7CEB857587A4}.Debug|Any CPU.ActiveCfg = Debug|Any CPU
		{7E09A44E-8531-48DD-BA50-7CEB857587A4}.Debug|Any CPU.Build.0 = Debug|Any CPU
		{7E09A44E-8531-48DD-BA50-7CEB857587A4}.Release|Any CPU.ActiveCfg = Release|Any CPU
		{7E09A44E-8531-48DD-BA50-7CEB857587A4}.Release|Any CPU.Build.0 = Release|Any CPU
		{A8E890A7-B8FD-42BD-AB3D-117FA509C46A}.Debug|Any CPU.ActiveCfg = Debug|Any CPU
		{A8E890A7-B8FD-42BD-AB3D-117FA509C46A}.Debug|Any CPU.Build.0 = Debug|Any CPU
		{A8E890A7-B8FD-42BD-AB3D-117FA509C46A}.Release|Any CPU.ActiveCfg = Release|Any CPU
		{A8E890A7-B8FD-42BD-AB3D-117FA509C46A}.Release|Any CPU.Build.0 = Release|Any CPU
		{193E3480-1460-4791-8ED3-DC8C25A20236}.Debug|Any CPU.ActiveCfg = Debug|Any CPU
		{193E3480-1460-4791-8ED3-DC8C25A20236}.Debug|Any CPU.Build.0 = Debug|Any CPU
		{193E3480-1460-4791-8ED3-DC8C25A20236}.Release|Any CPU.ActiveCfg = Release|Any CPU
		{193E3480-1460-4791-8ED3-DC8C25A20236}.Release|Any CPU.Build.0 = Release|Any CPU
		{17E18178-3DCB-4655-A1E4-9BB2253B61B5}.Debug|Any CPU.ActiveCfg = Debug|Any CPU
		{17E18178-3DCB-4655-A1E4-9BB2253B61B5}.Debug|Any CPU.Build.0 = Debug|Any CPU
		{17E18178-3DCB-4655-A1E4-9BB2253B61B5}.Release|Any CPU.ActiveCfg = Release|Any CPU
		{17E18178-3DCB-4655-A1E4-9BB2253B61B5}.Release|Any CPU.Build.0 = Release|Any CPU
		{8914D1C4-2B1F-4115-90FD-168933D3261E}.Debug|Any CPU.ActiveCfg = Debug|Any CPU
		{8914D1C4-2B1F-4115-90FD-168933D3261E}.Debug|Any CPU.Build.0 = Debug|Any CPU
		{8914D1C4-2B1F-4115-90FD-168933D3261E}.Release|Any CPU.ActiveCfg = Release|Any CPU
		{8914D1C4-2B1F-4115-90FD-168933D3261E}.Release|Any CPU.Build.0 = Release|Any CPU
		{C4A40F75-72BC-4B54-8134-10C9E3D18C04}.Debug|Any CPU.ActiveCfg = Debug|Any CPU
		{C4A40F75-72BC-4B54-8134-10C9E3D18C04}.Debug|Any CPU.Build.0 = Debug|Any CPU
		{C4A40F75-72BC-4B54-8134-10C9E3D18C04}.Release|Any CPU.ActiveCfg = Release|Any CPU
		{C4A40F75-72BC-4B54-8134-10C9E3D18C04}.Release|Any CPU.Build.0 = Release|Any CPU
		{97E36671-CF3F-45B1-BBD1-46DDE9B45EAF}.Debug|Any CPU.ActiveCfg = Debug|Any CPU
		{97E36671-CF3F-45B1-BBD1-46DDE9B45EAF}.Debug|Any CPU.Build.0 = Debug|Any CPU
		{97E36671-CF3F-45B1-BBD1-46DDE9B45EAF}.Release|Any CPU.ActiveCfg = Release|Any CPU
		{97E36671-CF3F-45B1-BBD1-46DDE9B45EAF}.Release|Any CPU.Build.0 = Release|Any CPU
		{1C61E665-3774-4F7F-AE4B-4480797AF9DF}.Debug|Any CPU.ActiveCfg = Debug|Any CPU
		{1C61E665-3774-4F7F-AE4B-4480797AF9DF}.Debug|Any CPU.Build.0 = Debug|Any CPU
		{1C61E665-3774-4F7F-AE4B-4480797AF9DF}.Release|Any CPU.ActiveCfg = Release|Any CPU
		{1C61E665-3774-4F7F-AE4B-4480797AF9DF}.Release|Any CPU.Build.0 = Release|Any CPU
	EndGlobalSection
	GlobalSection(SolutionProperties) = preSolution
		HideSolutionNode = FALSE
	EndGlobalSection
	GlobalSection(ExtensibilityGlobals) = postSolution
		SolutionGuid = {64811322-0C5A-40FA-88EE-0E71CB455078}
	EndGlobalSection
EndGlobal
